# Prisma Migrate lockfile v1

20200608231733-new
20200610141138-is-public
20200709161351-recipe-owner
20200709161503-recipe-owner
20200709162429-recipe-owner
20200709170450-public-id_required
20200709170739-public-id_notnull
20200714215645-recipe-date
20200714215809-recipe-date
20200714215833-recipe-date
20200714220238-updated-at-update
20200714221555-updated-at-step-one
20200714221811-updated-at-step-two
20200714221908-updated-at-step-two
20200720135528-ingredient-sections
20200720183109-ingredient-section-priority
20200720183230-ingredient-section-priority